
Microsoft Visual Studio Solution File, Format Version 12.00
# Visual Studio Version 17
VisualStudioVersion = 17.2.32602.215
MinimumVisualStudioVersion = 10.0.40219.1
Project("{FAE04EC0-301F-11D3-BF4B-00C04F79EFBC}") = "ExcelTraceRemover", "ExcelTraceRemover.csproj", "{74C50873-7D73-49C5-8569-18F18DA0C53A}"
EndProject
Global
	GlobalSection(SolutionConfigurationPlatforms) = preSolution
		Debug|Any CPU = Debug|Any CPU
		Release|Any CPU = Release|Any CPU
	EndGlobalSection
	GlobalSection(ProjectConfigurationPlatforms) = postSolution
		{74C50873-7D73-49C5-8569-18F18DA0C53A}.Debug|Any CPU.ActiveCfg = Debug|Any CPU
		{74C50873-7D73-49C5-8569-18F18DA0C53A}.Debug|Any CPU.Build.0 = Debug|Any CPU
		{74C50873-7D73-49C5-8569-18F18DA0C53A}.Release|Any CPU.ActiveCfg = Release|Any CPU
		{74C50873-7D73-49C5-8569-18F18DA0C53A}.Release|Any CPU.Build.0 = Release|Any CPU
	EndGlobalSection
	GlobalSection(SolutionProperties) = preSolution
		HideSolutionNode = FALSE
	EndGlobalSection
	GlobalSection(ExtensibilityGlobals) = postSolution
		SolutionGuid = {4544B044-488F-4D8C-8F66-999EA3ED182E}
	EndGlobalSection
EndGlobal
